<?xml version="1.0" encoding="utf-8"?>
<Project ToolsVersion="4.0" xmlns="http://schemas.microsoft.com/developer/msbuild/2003">
  <ItemGroup>
    <Filter Include="Source Files">
      <UniqueIdentifier>{4FC737F1-C7A5-4376-A066-2A32D752A2FF}</UniqueIdentifier>
      <Extensions>cpp;c;cc;cxx;def;odl;idl;hpj;bat;asm;asmx</Extensions>
    </Filter>
    <Filter Include="Resource Files">
      <UniqueIdentifier>{67DA6AB6-F800-4c08-8B7A-83BB121AAD01}</UniqueIdentifier>
      <Extensions>rc;ico;cur;bmp;dlg;rc2;rct;bin;rgs;gif;jpg;jpeg;jpe;resx;tiff;tif;png;wav</Extensions>
    </Filter>
    <Filter Include="lineMangler">
      <UniqueIdentifier>{42650aff-e3bd-4444-a833-1ec2715a99c7}</UniqueIdentifier>
    </Filter>
    <Filter Include="sqlLiteWrapped">
      <UniqueIdentifier>{4436b8d1-6410-4631-9e85-6dd4d20a49aa}</UniqueIdentifier>
    </Filter>
  </ItemGroup>
  <ItemGroup>
    <ClCompile Include="minimal.cpp">
      <Filter>Source Files</Filter>
    </ClCompile>
    <ClCompile Include="lineMangler\LineMangler.cpp">
      <Filter>lineMangler</Filter>
    </ClCompile>
    <ClCompile Include="sqliteWrapped\sqlite3.c">
      <Filter>sqlLiteWrapped</Filter>
    </ClCompile>
    <ClCompile Include="connectionFactory.cpp">
      <Filter>lineMangler</Filter>
    </ClCompile>
    <ClCompile Include="sillyUtils.cpp">
      <Filter>Source Files</Filter>
    </ClCompile>
  </ItemGroup>
  <ItemGroup>
    <ResourceCompile Include="..\sample.rc">
      <Filter>Resource Files</Filter>
    </ResourceCompile>
  </ItemGroup>
  <ItemGroup>
    <ClInclude Include="lineMangler\LineMangler.h">
      <Filter>lineMangler</Filter>
    </ClInclude>
    <ClInclude Include="lineMangler\LineManglerGeneralFunctions.h">
      <Filter>lineMangler</Filter>
    </ClInclude>
    <ClInclude Include="sqliteWrapped\Backup.h">
      <Filter>sqlLiteWrapped</Filter>
    </ClInclude>
    <ClInclude Include="sqliteWrapped\CommonMacros.h">
      <Filter>sqlLiteWrapped</Filter>
    </ClInclude>
    <ClInclude Include="sqliteWrapped\Exception.h">
      <Filter>sqlLiteWrapped</Filter>
    </ClInclude>
    <ClInclude Include="sqliteWrapped\Connection.h">
      <Filter>sqlLiteWrapped</Filter>
    </ClInclude>
    <ClInclude Include="sqliteWrapped\Handle.h">
      <Filter>sqlLiteWrapped</Filter>
    </ClInclude>
    <ClInclude Include="sqliteWrapped\Reader.h">
      <Filter>sqlLiteWrapped</Filter>
    </ClInclude>
    <ClInclude Include="sqliteWrapped\Row.h">
      <Filter>sqlLiteWrapped</Filter>
    </ClInclude>
    <ClInclude Include="sqliteWrapped\sqlite3.h">
      <Filter>sqlLiteWrapped</Filter>
    </ClInclude>
    <ClInclude Include="sqliteWrapped\sqliteWrapped.h">
      <Filter>sqlLiteWrapped</Filter>
    </ClInclude>
    <ClInclude Include="sqliteWrapped\Statement.h">
      <Filter>sqlLiteWrapped</Filter>
    </ClInclude>
    <ClInclude Include="sqliteWrapped\Types.h">
      <Filter>sqlLiteWrapped</Filter>
    </ClInclude>
    <ClInclude Include="minimal.h">
      <Filter>Source Files</Filter>
    </ClInclude>
    <ClInclude Include="Logger.h">
      <Filter>Source Files</Filter>
    </ClInclude>
    <ClInclude Include="sillyUtils.h">
      <Filter>Source Files</Filter>
    </ClInclude>
    <ClInclude Include="connectionFactory.h">
      <Filter>lineMangler</Filter>
    </ClInclude>
  </ItemGroup>
  <ItemGroup>
    <Text Include="Resources\quijote_source_ep1_ar.txt">
      <Filter>Resource Files</Filter>
    </Text>
    <Text Include="Resources\quijote_source_ep1_en.txt">
      <Filter>Resource Files</Filter>
    </Text>
    <Text Include="Resources\quijote_source_ep1_es.txt">
      <Filter>Resource Files</Filter>
    </Text>
    <Text Include="Resources\quijote_source_ep1_fr.txt">
      <Filter>Resource Files</Filter>
    </Text>
    <Text Include="Resources\quijote_source_ep1_zh.txt">
      <Filter>Resource Files</Filter>
    </Text>
  </ItemGroup>
  <ItemGroup>
    <None Include="Resources\sqlite.exe">
      <Filter>Resource Files</Filter>
    </None>
  </ItemGroup>
</Project>